
Microsoft Visual Studio Solution File, Format Version 12.00
# Visual Studio Version 16
VisualStudioVersion = 16.0.31410.223
MinimumVisualStudioVersion = 10.0.40219.1
Project("{C7167F0D-BC9F-4E6E-AFE1-012C56B48DB5}") = "SelectionStyle (Package)", "SelectionStyle (Package)\SelectionStyle (Package).wapproj", "{7F8987DB-22EC-4D79-BE90-8289522FBF26}"
EndProject
Project("{FAE04EC0-301F-11D3-BF4B-00C04F79EFBC}") = "SelectionStyle", "SelectionStyle\SelectionStyle.csproj", "{7B41534E-B698-4CD7-8FA9-CD3D66F32DDF}"
EndProject
Global
	GlobalSection(SolutionConfigurationPlatforms) = preSolution
		Debug|arm64 = Debug|arm64
		Debug|x64 = Debug|x64
		Debug|x86 = Debug|x86
		Release|arm64 = Release|arm64
		Release|x64 = Release|x64
		Release|x86 = Release|x86
	EndGlobalSection
	GlobalSection(ProjectConfigurationPlatforms) = postSolution
		{7F8987DB-22EC-4D79-BE90-8289522FBF26}.Debug|arm64.ActiveCfg = Debug|arm64
		{7F8987DB-22EC-4D79-BE90-8289522FBF26}.Debug|arm64.Build.0 = Debug|arm64
		{7F8987DB-22EC-4D79-BE90-8289522FBF26}.Debug|arm64.Deploy.0 = Debug|arm64
		{7F8987DB-22EC-4D79-BE90-8289522FBF26}.Debug|x64.ActiveCfg = Debug|x64
		{7F8987DB-22EC-4D79-BE90-8289522FBF26}.Debug|x64.Build.0 = Debug|x64
		{7F8987DB-22EC-4D79-BE90-8289522FBF26}.Debug|x64.Deploy.0 = Debug|x64
		{7F8987DB-22EC-4D79-BE90-8289522FBF26}.Debug|x86.ActiveCfg = Debug|x86
		{7F8987DB-22EC-4D79-BE90-8289522FBF26}.Debug|x86.Build.0 = Debug|x86
		{7F8987DB-22EC-4D79-BE90-8289522FBF26}.Debug|x86.Deploy.0 = Debug|x86
		{7F8987DB-22EC-4D79-BE90-8289522FBF26}.Release|arm64.ActiveCfg = Release|arm64
		{7F8987DB-22EC-4D79-BE90-8289522FBF26}.Release|arm64.Build.0 = Release|arm64
		{7F8987DB-22EC-4D79-BE90-8289522FBF26}.Release|arm64.Deploy.0 = Release|arm64
		{7F8987DB-22EC-4D79-BE90-8289522FBF26}.Release|x64.ActiveCfg = Release|x64
		{7F8987DB-22EC-4D79-BE90-8289522FBF26}.Release|x64.Build.0 = Release|x64
		{7F8987DB-22EC-4D79-BE90-8289522FBF26}.Release|x64.Deploy.0 = Release|x64
		{7F8987DB-22EC-4D79-BE90-8289522FBF26}.Release|x86.ActiveCfg = Release|x86
		{7F8987DB-22EC-4D79-BE90-8289522FBF26}.Release|x86.Build.0 = Release|x86
		{7F8987DB-22EC-4D79-BE90-8289522FBF26}.Release|x86.Deploy.0 = Release|x86
		{7B41534E-B698-4CD7-8FA9-CD3D66F32DDF}.Debug|arm64.ActiveCfg = Debug|arm64
		{7B41534E-B698-4CD7-8FA9-CD3D66F32DDF}.Debug|arm64.Build.0 = Debug|arm64
		{7B41534E-B698-4CD7-8FA9-CD3D66F32DDF}.Debug|x64.ActiveCfg = Debug|x64
		{7B41534E-B698-4CD7-8FA9-CD3D66F32DDF}.Debug|x64.Build.0 = Debug|x64
		{7B41534E-B698-4CD7-8FA9-CD3D66F32DDF}.Debug|x86.ActiveCfg = Debug|x86
		{7B41534E-B698-4CD7-8FA9-CD3D66F32DDF}.Debug|x86.Build.0 = Debug|x86
		{7B41534E-B698-4CD7-8FA9-CD3D66F32DDF}.Release|arm64.ActiveCfg = Release|arm64
		{7B41534E-B698-4CD7-8FA9-CD3D66F32DDF}.Release|arm64.Build.0 = Release|arm64
		{7B41534E-B698-4CD7-8FA9-CD3D66F32DDF}.Release|x64.ActiveCfg = Release|x64
		{7B41534E-B698-4CD7-8FA9-CD3D66F32DDF}.Release|x64.Build.0 = Release|x64
		{7B41534E-B698-4CD7-8FA9-CD3D66F32DDF}.Release|x86.ActiveCfg = Release|x86
		{7B41534E-B698-4CD7-8FA9-CD3D66F32DDF}.Release|x86.Build.0 = Release|x86
	EndGlobalSection
	GlobalSection(SolutionProperties) = preSolution
		HideSolutionNode = FALSE
	EndGlobalSection
	GlobalSection(ExtensibilityGlobals) = postSolution
		SolutionGuid = {5DCB5A91-CB5E-4A03-9A41-446E513973F7}
	EndGlobalSection
EndGlobal
